// !$*UTF8*$!
{
	archiveVersion = 1;
	classes = {
	};
	objectVersion = 46;
	objects = {

/* Begin PBXBuildFile section */
		75A22FA815770EF1000149B9 /* UIKit.framework in Frameworks */ = {isa = PBXBuildFile; fileRef = 75A22FA715770EF1000149B9 /* UIKit.framework */; };
		75A22FAA15770EF1000149B9 /* Foundation.framework in Frameworks */ = {isa = PBXBuildFile; fileRef = 75A22FA915770EF1000149B9 /* Foundation.framework */; };
		75A22FAC15770EF1000149B9 /* CoreGraphics.framework in Frameworks */ = {isa = PBXBuildFile; fileRef = 75A22FAB15770EF1000149B9 /* CoreGraphics.framework */; };
		75A22FB215770EF1000149B9 /* InfoPlist.strings in Resources */ = {isa = PBXBuildFile; fileRef = 75A22FB015770EF1000149B9 /* InfoPlist.strings */; };
		75A22FB415770EF1000149B9 /* main.m in Sources */ = {isa = PBXBuildFile; fileRef = 75A22FB315770EF1000149B9 /* main.m */; };
		75A22FB815770EF1000149B9 /* AppDelegate.m in Sources */ = {isa = PBXBuildFile; fileRef = 75A22FB715770EF1000149B9 /* AppDelegate.m */; };
		75A22FBB15770EF1000149B9 /* ViewController.m in Sources */ = {isa = PBXBuildFile; fileRef = 75A22FBA15770EF1000149B9 /* ViewController.m */; };
		75A22FBE15770EF1000149B9 /* ViewController.xib in Resources */ = {isa = PBXBuildFile; fileRef = 75A22FBC15770EF1000149B9 /* ViewController.xib */; };
		75A22FC615770EF1000149B9 /* SenTestingKit.framework in Frameworks */ = {isa = PBXBuildFile; fileRef = 75A22FC515770EF1000149B9 /* SenTestingKit.framework */; };
		75A22FC715770EF1000149B9 /* UIKit.framework in Frameworks */ = {isa = PBXBuildFile; fileRef = 75A22FA715770EF1000149B9 /* UIKit.framework */; };
		75A22FC815770EF1000149B9 /* Foundation.framework in Frameworks */ = {isa = PBXBuildFile; fileRef = 75A22FA915770EF1000149B9 /* Foundation.framework */; };
		75A22FD015770EF1000149B9 /* InfoPlist.strings in Resources */ = {isa = PBXBuildFile; fileRef = 75A22FCE15770EF1000149B9 /* InfoPlist.strings */; };
		75A22FD315770EF1000149B9 /* oc2Week1Tests.m in Sources */ = {isa = PBXBuildFile; fileRef = 75A22FD215770EF1000149B9 /* oc2Week1Tests.m */; };
		75A22FE115771015000149B9 /* ShapeClass.m in Sources */ = {isa = PBXBuildFile; fileRef = 75A22FE015771015000149B9 /* ShapeClass.m */; };
		75A22FE4157710F4000149B9 /* TriangleClass.m in Sources */ = {isa = PBXBuildFile; fileRef = 75A22FE3157710F4000149B9 /* TriangleClass.m */; };
		75A22FE7157712B2000149B9 /* SquareClass.m in Sources */ = {isa = PBXBuildFile; fileRef = 75A22FE6157712B2000149B9 /* SquareClass.m */; };
		75A22FEA157712EB000149B9 /* RectangleClass.m in Sources */ = {isa = PBXBuildFile; fileRef = 75A22FE9157712EB000149B9 /* RectangleClass.m */; };
		75A22FED1577132C000149B9 /* ShapeFactory.m in Sources */ = {isa = PBXBuildFile; fileRef = 75A22FEC1577132B000149B9 /* ShapeFactory.m */; };
/* End PBXBuildFile section */

/* Begin PBXContainerItemProxy section */
		75A22FC915770EF1000149B9 /* PBXContainerItemProxy */ = {
			isa = PBXContainerItemProxy;
			containerPortal = 75A22F9A15770EF0000149B9 /* Project object */;
			proxyType = 1;
			remoteGlobalIDString = 75A22FA215770EF1000149B9;
			remoteInfo = oc2Week1;
		};
/* End PBXContainerItemProxy section */

/* Begin PBXFileReference section */
		75A22FA315770EF1000149B9 /* oc2Week1.app */ = {isa = PBXFileReference; explicitFileType = wrapper.application; includeInIndex = 0; path = oc2Week1.app; sourceTree = BUILT_PRODUCTS_DIR; };
		75A22FA715770EF1000149B9 /* UIKit.framework */ = {isa = PBXFileReference; lastKnownFileType = wrapper.framework; name = UIKit.framework; path = System/Library/Frameworks/UIKit.framework; sourceTree = SDKROOT; };
		75A22FA915770EF1000149B9 /* Foundation.framework */ = {isa = PBXFileReference; lastKnownFileType = wrapper.framework; name = Foundation.framework; path = System/Library/Frameworks/Foundation.framework; sourceTree = SDKROOT; };
		75A22FAB15770EF1000149B9 /* CoreGraphics.framework */ = {isa = PBXFileReference; lastKnownFileType = wrapper.framework; name = CoreGraphics.framework; path = System/Library/Frameworks/CoreGraphics.framework; sourceTree = SDKROOT; };
		75A22FAF15770EF1000149B9 /* oc2Week1-Info.plist */ = {isa = PBXFileReference; lastKnownFileType = text.plist.xml; path = "oc2Week1-Info.plist"; sourceTree = "<group>"; };
		75A22FB115770EF1000149B9 /* en */ = {isa = PBXFileReference; lastKnownFileType = text.plist.strings; name = en; path = en.lproj/InfoPlist.strings; sourceTree = "<group>"; };
		75A22FB315770EF1000149B9 /* main.m */ = {isa = PBXFileReference; lastKnownFileType = sourcecode.c.objc; path = main.m; sourceTree = "<group>"; };
		75A22FB515770EF1000149B9 /* oc2Week1-Prefix.pch */ = {isa = PBXFileReference; lastKnownFileType = sourcecode.c.h; path = "oc2Week1-Prefix.pch"; sourceTree = "<group>"; };
		75A22FB615770EF1000149B9 /* AppDelegate.h */ = {isa = PBXFileReference; lastKnownFileType = sourcecode.c.h; path = AppDelegate.h; sourceTree = "<group>"; };
		75A22FB715770EF1000149B9 /* AppDelegate.m */ = {isa = PBXFileReference; lastKnownFileType = sourcecode.c.objc; path = AppDelegate.m; sourceTree = "<group>"; };
		75A22FB915770EF1000149B9 /* ViewController.h */ = {isa = PBXFileReference; lastKnownFileType = sourcecode.c.h; path = ViewController.h; sourceTree = "<group>"; };
		75A22FBA15770EF1000149B9 /* ViewController.m */ = {isa = PBXFileReference; lastKnownFileType = sourcecode.c.objc; path = ViewController.m; sourceTree = "<group>"; };
		75A22FBD15770EF1000149B9 /* en */ = {isa = PBXFileReference; lastKnownFileType = file.xib; name = en; path = en.lproj/ViewController.xib; sourceTree = "<group>"; };
		75A22FC415770EF1000149B9 /* oc2Week1Tests.octest */ = {isa = PBXFileReference; explicitFileType = wrapper.cfbundle; includeInIndex = 0; path = oc2Week1Tests.octest; sourceTree = BUILT_PRODUCTS_DIR; };
		75A22FC515770EF1000149B9 /* SenTestingKit.framework */ = {isa = PBXFileReference; lastKnownFileType = wrapper.framework; name = SenTestingKit.framework; path = Library/Frameworks/SenTestingKit.framework; sourceTree = DEVELOPER_DIR; };
		75A22FCD15770EF1000149B9 /* oc2Week1Tests-Info.plist */ = {isa = PBXFileReference; lastKnownFileType = text.plist.xml; path = "oc2Week1Tests-Info.plist"; sourceTree = "<group>"; };
		75A22FCF15770EF1000149B9 /* en */ = {isa = PBXFileReference; lastKnownFileType = text.plist.strings; name = en; path = en.lproj/InfoPlist.strings; sourceTree = "<group>"; };
		75A22FD115770EF1000149B9 /* oc2Week1Tests.h */ = {isa = PBXFileReference; lastKnownFileType = sourcecode.c.h; path = oc2Week1Tests.h; sourceTree = "<group>"; };
		75A22FD215770EF1000149B9 /* oc2Week1Tests.m */ = {isa = PBXFileReference; lastKnownFileType = sourcecode.c.objc; path = oc2Week1Tests.m; sourceTree = "<group>"; };
		75A22FDF15771015000149B9 /* ShapeClass.h */ = {isa = PBXFileReference; fileEncoding = 4; lastKnownFileType = sourcecode.c.h; path = ShapeClass.h; sourceTree = "<group>"; };
		75A22FE015771015000149B9 /* ShapeClass.m */ = {isa = PBXFileReference; fileEncoding = 4; lastKnownFileType = sourcecode.c.objc; path = ShapeClass.m; sourceTree = "<group>"; };
		75A22FE2157710F4000149B9 /* TriangleClass.h */ = {isa = PBXFileReference; fileEncoding = 4; lastKnownFileType = sourcecode.c.h; path = TriangleClass.h; sourceTree = "<group>"; };
		75A22FE3157710F4000149B9 /* TriangleClass.m */ = {isa = PBXFileReference; fileEncoding = 4; lastKnownFileType = sourcecode.c.objc; path = TriangleClass.m; sourceTree = "<group>"; };
		75A22FE5157712B2000149B9 /* SquareClass.h */ = {isa = PBXFileReference; fileEncoding = 4; lastKnownFileType = sourcecode.c.h; path = SquareClass.h; sourceTree = "<group>"; };
		75A22FE6157712B2000149B9 /* SquareClass.m */ = {isa = PBXFileReference; fileEncoding = 4; lastKnownFileType = sourcecode.c.objc; path = SquareClass.m; sourceTree = "<group>"; };
		75A22FE8157712EA000149B9 /* RectangleClass.h */ = {isa = PBXFileReference; fileEncoding = 4; lastKnownFileType = sourcecode.c.h; path = RectangleClass.h; sourceTree = "<group>"; };
		75A22FE9157712EB000149B9 /* RectangleClass.m */ = {isa = PBXFileReference; fileEncoding = 4; lastKnownFileType = sourcecode.c.objc; path = RectangleClass.m; sourceTree = "<group>"; };
		75A22FEB1577132B000149B9 /* ShapeFactory.h */ = {isa = PBXFileReference; fileEncoding = 4; lastKnownFileType = sourcecode.c.h; path = ShapeFactory.h; sourceTree = "<group>"; };
		75A22FEC1577132B000149B9 /* ShapeFactory.m */ = {isa = PBXFileReference; fileEncoding = 4; lastKnownFileType = sourcecode.c.objc; path = ShapeFactory.m; sourceTree = "<group>"; };
/* End PBXFileReference section */

/* Begin PBXFrameworksBuildPhase section */
		75A22FA015770EF1000149B9 /* Frameworks */ = {
			isa = PBXFrameworksBuildPhase;
			buildActionMask = 2147483647;
			files = (
				75A22FA815770EF1000149B9 /* UIKit.framework in Frameworks */,
				75A22FAA15770EF1000149B9 /* Foundation.framework in Frameworks */,
				75A22FAC15770EF1000149B9 /* CoreGraphics.framework in Frameworks */,
			);
			runOnlyForDeploymentPostprocessing = 0;
		};
		75A22FC015770EF1000149B9 /* Frameworks */ = {
			isa = PBXFrameworksBuildPhase;
			buildActionMask = 2147483647;
			files = (
				75A22FC615770EF1000149B9 /* SenTestingKit.framework in Frameworks */,
				75A22FC715770EF1000149B9 /* UIKit.framework in Frameworks */,
				75A22FC815770EF1000149B9 /* Foundation.framework in Frameworks */,
			);
			runOnlyForDeploymentPostprocessing = 0;
		};
/* End PBXFrameworksBuildPhase section */

/* Begin PBXGroup section */
		75A22F9815770EF0000149B9 = {
			isa = PBXGroup;
			children = (
				75A22FAD15770EF1000149B9 /* oc2Week1 */,
				75A22FCB15770EF1000149B9 /* oc2Week1Tests */,
				75A22FA615770EF1000149B9 /* Frameworks */,
				75A22FA415770EF1000149B9 /* Products */,
			);
			sourceTree = "<group>";
		};
		75A22FA415770EF1000149B9 /* Products */ = {
			isa = PBXGroup;
			children = (
				75A22FA315770EF1000149B9 /* oc2Week1.app */,
				75A22FC415770EF1000149B9 /* oc2Week1Tests.octest */,
			);
			name = Products;
			sourceTree = "<group>";
		};
		75A22FA615770EF1000149B9 /* Frameworks */ = {
			isa = PBXGroup;
			children = (
				75A22FA715770EF1000149B9 /* UIKit.framework */,
				75A22FA915770EF1000149B9 /* Foundation.framework */,
				75A22FAB15770EF1000149B9 /* CoreGraphics.framework */,
				75A22FC515770EF1000149B9 /* SenTestingKit.framework */,
			);
			name = Frameworks;
			sourceTree = "<group>";
		};
		75A22FAD15770EF1000149B9 /* oc2Week1 */ = {
			isa = PBXGroup;
			children = (
				75A22FB615770EF1000149B9 /* AppDelegate.h */,
				75A22FB715770EF1000149B9 /* AppDelegate.m */,
				75A22FB915770EF1000149B9 /* ViewController.h */,
				75A22FBA15770EF1000149B9 /* ViewController.m */,
				75A22FBC15770EF1000149B9 /* ViewController.xib */,
				75A22FAE15770EF1000149B9 /* Supporting Files */,
				75A22FDF15771015000149B9 /* ShapeClass.h */,
				75A22FE015771015000149B9 /* ShapeClass.m */,
				75A22FE2157710F4000149B9 /* TriangleClass.h */,
				75A22FE3157710F4000149B9 /* TriangleClass.m */,
				75A22FE5157712B2000149B9 /* SquareClass.h */,
				75A22FE6157712B2000149B9 /* SquareClass.m */,
				75A22FE8157712EA000149B9 /* RectangleClass.h */,
				75A22FE9157712EB000149B9 /* RectangleClass.m */,
				75A22FEB1577132B000149B9 /* ShapeFactory.h */,
				75A22FEC1577132B000149B9 /* ShapeFactory.m */,
			);
			path = oc2Week1;
			sourceTree = "<group>";
		};
		75A22FAE15770EF1000149B9 /* Supporting Files */ = {
			isa = PBXGroup;
			children = (
				75A22FAF15770EF1000149B9 /* oc2Week1-Info.plist */,
				75A22FB015770EF1000149B9 /* InfoPlist.strings */,
				75A22FB315770EF1000149B9 /* main.m */,
				75A22FB515770EF1000149B9 /* oc2Week1-Prefix.pch */,
			);
			name = "Supporting Files";
			sourceTree = "<group>";
		};
		75A22FCB15770EF1000149B9 /* oc2Week1Tests */ = {
			isa = PBXGroup;
			children = (
				75A22FD115770EF1000149B9 /* oc2Week1Tests.h */,
				75A22FD215770EF1000149B9 /* oc2Week1Tests.m */,
				75A22FCC15770EF1000149B9 /* Supporting Files */,
			);
			path = oc2Week1Tests;
			sourceTree = "<group>";
		};
		75A22FCC15770EF1000149B9 /* Supporting Files */ = {
			isa = PBXGroup;
			children = (
				75A22FCD15770EF1000149B9 /* oc2Week1Tests-Info.plist */,
				75A22FCE15770EF1000149B9 /* InfoPlist.strings */,
			);
			name = "Supporting Files";
			sourceTree = "<group>";
		};
/* End PBXGroup section */

/* Begin PBXNativeTarget section */
		75A22FA215770EF1000149B9 /* oc2Week1 */ = {
			isa = PBXNativeTarget;
			buildConfigurationList = 75A22FD615770EF1000149B9 /* Build configuration list for PBXNativeTarget "oc2Week1" */;
			buildPhases = (
				75A22F9F15770EF1000149B9 /* Sources */,
				75A22FA015770EF1000149B9 /* Frameworks */,
				75A22FA115770EF1000149B9 /* Resources */,
			);
			buildRules = (
			);
			dependencies = (
			);
			name = oc2Week1;
			productName = oc2Week1;
			productReference = 75A22FA315770EF1000149B9 /* oc2Week1.app */;
			productType = "com.apple.product-type.application";
		};
		75A22FC315770EF1000149B9 /* oc2Week1Tests */ = {
			isa = PBXNativeTarget;
			buildConfigurationList = 75A22FD915770EF1000149B9 /* Build configuration list for PBXNativeTarget "oc2Week1Tests" */;
			buildPhases = (
				75A22FBF15770EF1000149B9 /* Sources */,
				75A22FC015770EF1000149B9 /* Frameworks */,
				75A22FC115770EF1000149B9 /* Resources */,
				75A22FC215770EF1000149B9 /* ShellScript */,
			);
			buildRules = (
			);
			dependencies = (
				75A22FCA15770EF1000149B9 /* PBXTargetDependency */,
			);
			name = oc2Week1Tests;
			productName = oc2Week1Tests;
			productReference = 75A22FC415770EF1000149B9 /* oc2Week1Tests.octest */;
			productType = "com.apple.product-type.bundle";
		};
/* End PBXNativeTarget section */

/* Begin PBXProject section */
		75A22F9A15770EF0000149B9 /* Project object */ = {
			isa = PBXProject;
			attributes = {
				LastUpgradeCheck = 0430;
			};
			buildConfigurationList = 75A22F9D15770EF0000149B9 /* Build configuration list for PBXProject "oc2Week1" */;
			compatibilityVersion = "Xcode 3.2";
			developmentRegion = English;
			hasScannedForEncodings = 0;
			knownRegions = (
				en,
			);
			mainGroup = 75A22F9815770EF0000149B9;
			productRefGroup = 75A22FA415770EF1000149B9 /* Products */;
			projectDirPath = "";
			projectRoot = "";
			targets = (
				75A22FA215770EF1000149B9 /* oc2Week1 */,
				75A22FC315770EF1000149B9 /* oc2Week1Tests */,
			);
		};
/* End PBXProject section */

/* Begin PBXResourcesBuildPhase section */
		75A22FA115770EF1000149B9 /* Resources */ = {
			isa = PBXResourcesBuildPhase;
			buildActionMask = 2147483647;
			files = (
				75A22FB215770EF1000149B9 /* InfoPlist.strings in Resources */,
				75A22FBE15770EF1000149B9 /* ViewController.xib in Resources */,
			);
			runOnlyForDeploymentPostprocessing = 0;
		};
		75A22FC115770EF1000149B9 /* Resources */ = {
			isa = PBXResourcesBuildPhase;
			buildActionMask = 2147483647;
			files = (
				75A22FD015770EF1000149B9 /* InfoPlist.strings in Resources */,
			);
			runOnlyForDeploymentPostprocessing = 0;
		};
/* End PBXResourcesBuildPhase section */

/* Begin PBXShellScriptBuildPhase section */
		75A22FC215770EF1000149B9 /* ShellScript */ = {
			isa = PBXShellScriptBuildPhase;
			buildActionMask = 2147483647;
			files = (
			);
			inputPaths = (
			);
			outputPaths = (
			);
			runOnlyForDeploymentPostprocessing = 0;
			shellPath = /bin/sh;
			shellScript = "# Run the unit tests in this test bundle.\n\"${SYSTEM_DEVELOPER_DIR}/Tools/RunUnitTests\"\n";
		};
/* End PBXShellScriptBuildPhase section */

/* Begin PBXSourcesBuildPhase section */
		75A22F9F15770EF1000149B9 /* Sources */ = {
			isa = PBXSourcesBuildPhase;
			buildActionMask = 2147483647;
			files = (
				75A22FB415770EF1000149B9 /* main.m in Sources */,
				75A22FB815770EF1000149B9 /* AppDelegate.m in Sources */,
				75A22FBB15770EF1000149B9 /* ViewController.m in Sources */,
				75A22FE115771015000149B9 /* ShapeClass.m in Sources */,
				75A22FE4157710F4000149B9 /* TriangleClass.m in Sources */,
				75A22FE7157712B2000149B9 /* SquareClass.m in Sources */,
				75A22FEA157712EB000149B9 /* RectangleClass.m in Sources */,
				75A22FED1577132C000149B9 /* ShapeFactory.m in Sources */,
			);
			runOnlyForDeploymentPostprocessing = 0;
		};
		75A22FBF15770EF1000149B9 /* Sources */ = {
			isa = PBXSourcesBuildPhase;
			buildActionMask = 2147483647;
			files = (
				75A22FD315770EF1000149B9 /* oc2Week1Tests.m in Sources */,
			);
			runOnlyForDeploymentPostprocessing = 0;
		};
/* End PBXSourcesBuildPhase section */

/* Begin PBXTargetDependency section */
		75A22FCA15770EF1000149B9 /* PBXTargetDependency */ = {
			isa = PBXTargetDependency;
			target = 75A22FA215770EF1000149B9 /* oc2Week1 */;
			targetProxy = 75A22FC915770EF1000149B9 /* PBXContainerItemProxy */;
		};
/* End PBXTargetDependency section */

/* Begin PBXVariantGroup section */
		75A22FB015770EF1000149B9 /* InfoPlist.strings */ = {
			isa = PBXVariantGroup;
			children = (
				75A22FB115770EF1000149B9 /* en */,
			);
			name = InfoPlist.strings;
			sourceTree = "<group>";
		};
		75A22FBC15770EF1000149B9 /* ViewController.xib */ = {
			isa = PBXVariantGroup;
			children = (
				75A22FBD15770EF1000149B9 /* en */,
			);
			name = ViewController.xib;
			sourceTree = "<group>";
		};
		75A22FCE15770EF1000149B9 /* InfoPlist.strings */ = {
			isa = PBXVariantGroup;
			children = (
				75A22FCF15770EF1000149B9 /* en */,
			);
			name = InfoPlist.strings;
			sourceTree = "<group>";
		};
/* End PBXVariantGroup section */

/* Begin XCBuildConfiguration section */
		75A22FD415770EF1000149B9 /* Debug */ = {
			isa = XCBuildConfiguration;
			buildSettings = {
				ALWAYS_SEARCH_USER_PATHS = NO;
				ARCHS = "$(ARCHS_STANDARD_32_BIT)";
				CLANG_ENABLE_OBJC_ARC = YES;
				"CODE_SIGN_IDENTITY[sdk=iphoneos*]" = "iPhone Developer";
				COPY_PHASE_STRIP = NO;
				GCC_C_LANGUAGE_STANDARD = gnu99;
				GCC_DYNAMIC_NO_PIC = NO;
				GCC_OPTIMIZATION_LEVEL = 0;
				GCC_PREPROCESSOR_DEFINITIONS = (
					"DEBUG=1",
					"$(inherited)",
				);
				GCC_SYMBOLS_PRIVATE_EXTERN = NO;
				GCC_VERSION = com.apple.compilers.llvm.clang.1_0;
				GCC_WARN_ABOUT_RETURN_TYPE = YES;
				GCC_WARN_UNINITIALIZED_AUTOS = YES;
				GCC_WARN_UNUSED_VARIABLE = YES;
				IPHONEOS_DEPLOYMENT_TARGET = 5.1;
				SDKROOT = iphoneos;
			};
			name = Debug;
		};
		75A22FD515770EF1000149B9 /* Release */ = {
			isa = XCBuildConfiguration;
			buildSettings = {
				ALWAYS_SEARCH_USER_PATHS = NO;
				ARCHS = "$(ARCHS_STANDARD_32_BIT)";
				CLANG_ENABLE_OBJC_ARC = YES;
				"CODE_SIGN_IDENTITY[sdk=iphoneos*]" = "iPhone Developer";
				COPY_PHASE_STRIP = YES;
				GCC_C_LANGUAGE_STANDARD = gnu99;
				GCC_VERSION = com.apple.compilers.llvm.clang.1_0;
				GCC_WARN_ABOUT_RETURN_TYPE = YES;
				GCC_WARN_UNINITIALIZED_AUTOS = YES;
				GCC_WARN_UNUSED_VARIABLE = YES;
				IPHONEOS_DEPLOYMENT_TARGET = 5.1;
				OTHER_CFLAGS = "-DNS_BLOCK_ASSERTIONS=1";
				SDKROOT = iphoneos;
				VALIDATE_PRODUCT = YES;
			};
			name = Release;
		};
		75A22FD715770EF1000149B9 /* Debug */ = {
			isa = XCBuildConfiguration;
			buildSettings = {
				GCC_PRECOMPILE_PREFIX_HEADER = YES;
				GCC_PREFIX_HEADER = "oc2Week1/oc2Week1-Prefix.pch";
				INFOPLIST_FILE = "oc2Week1/oc2Week1-Info.plist";
				PRODUCT_NAME = "$(TARGET_NAME)";
				WRAPPER_EXTENSION = app;
			};
			name = Debug;
		};
		75A22FD815770EF1000149B9 /* Release */ = {
			isa = XCBuildConfiguration;
			buildSettings = {
				GCC_PRECOMPILE_PREFIX_HEADER = YES;
				GCC_PREFIX_HEADER = "oc2Week1/oc2Week1-Prefix.pch";
				INFOPLIST_FILE = "oc2Week1/oc2Week1-Info.plist";
				PRODUCT_NAME = "$(TARGET_NAME)";
				WRAPPER_EXTENSION = app;
			};
			name = Release;
		};
		75A22FDA15770EF1000149B9 /* Debug */ = {
			isa = XCBuildConfiguration;
			buildSettings = {
				BUNDLE_LOADER = "$(BUILT_PRODUCTS_DIR)/oc2Week1.app/oc2Week1";
				FRAMEWORK_SEARCH_PATHS = (
					"$(SDKROOT)/Developer/Library/Frameworks",
					"$(DEVELOPER_LIBRARY_DIR)/Frameworks",
				);
				GCC_PRECOMPILE_PREFIX_HEADER = YES;
				GCC_PREFIX_HEADER = "oc2Week1/oc2Week1-Prefix.pch";
				INFOPLIST_FILE = "oc2Week1Tests/oc2Week1Tests-Info.plist";
				PRODUCT_NAME = "$(TARGET_NAME)";
				TEST_HOST = "$(BUNDLE_LOADER)";
				WRAPPER_EXTENSION = octest;
			};
			name = Debug;
		};
		75A22FDB15770EF1000149B9 /* Release */ = {
			isa = XCBuildConfiguration;
			buildSettings = {
				BUNDLE_LOADER = "$(BUILT_PRODUCTS_DIR)/oc2Week1.app/oc2Week1";
				FRAMEWORK_SEARCH_PATHS = (
					"$(SDKROOT)/Developer/Library/Frameworks",
					"$(DEVELOPER_LIBRARY_DIR)/Frameworks",
				);
				GCC_PRECOMPILE_PREFIX_HEADER = YES;
				GCC_PREFIX_HEADER = "oc2Week1/oc2Week1-Prefix.pch";
				INFOPLIST_FILE = "oc2Week1Tests/oc2Week1Tests-Info.plist";
				PRODUCT_NAME = "$(TARGET_NAME)";
				TEST_HOST = "$(BUNDLE_LOADER)";
				WRAPPER_EXTENSION = octest;
			};
			name = Release;
		};
/* End XCBuildConfiguration section */

/* Begin XCConfigurationList section */
		75A22F9D15770EF0000149B9 /* Build configuration list for PBXProject "oc2Week1" */ = {
			isa = XCConfigurationList;
			buildConfigurations = (
				75A22FD415770EF1000149B9 /* Debug */,
				75A22FD515770EF1000149B9 /* Release */,
			);
			defaultConfigurationIsVisible = 0;
			defaultConfigurationName = Release;
		};
		75A22FD615770EF1000149B9 /* Build configuration list for PBXNativeTarget "oc2Week1" */ = {
			isa = XCConfigurationList;
			buildConfigurations = (
				75A22FD715770EF1000149B9 /* Debug */,
				75A22FD815770EF1000149B9 /* Release */,
			);
			defaultConfigurationIsVisible = 0;
		};
		75A22FD915770EF1000149B9 /* Build configuration list for PBXNativeTarget "oc2Week1Tests" */ = {
			isa = XCConfigurationList;
			buildConfigurations = (
				75A22FDA15770EF1000149B9 /* Debug */,
				75A22FDB15770EF1000149B9 /* Release */,
			);
			defaultConfigurationIsVisible = 0;
		};
/* End XCConfigurationList section */
	};
	rootObject = 75A22F9A15770EF0000149B9 /* Project object */;
}
